
Microsoft Visual Studio Solution File, Format Version 12.00
# Visual Studio 14
VisualStudioVersion = 14.0.25420.1
MinimumVisualStudioVersion = 10.0.40219.1
Project("{8BC9CEB8-8B4A-11D0-8D11-00A0C91BC942}") = "3DPlay", "3DPlay\3DPlay.vcxproj", "{50DD415F-5161-4719-85A5-D4DCA7B1427D}"
EndProject
Global
	GlobalSection(SolutionConfigurationPlatforms) = preSolution
		Debug|x64 = Debug|x64
		Release|x64 = Release|x64
	EndGlobalSection
	GlobalSection(ProjectConfigurationPlatforms) = postSolution
		{50DD415F-5161-4719-85A5-D4DCA7B1427D}.Debug|x64.ActiveCfg = Debug|x64
		{50DD415F-5161-4719-85A5-D4DCA7B1427D}.Debug|x64.Build.0 = Debug|x64
		{50DD415F-5161-4719-85A5-D4DCA7B1427D}.Release|x64.ActiveCfg = Release|x64
		{50DD415F-5161-4719-85A5-D4DCA7B1427D}.Release|x64.Build.0 = Release|x64
	EndGlobalSection
	GlobalSection(SolutionProperties) = preSolution
		HideSolutionNode = FALSE
	EndGlobalSection
EndGlobal
